
Microsoft Visual Studio Solution File, Format Version 12.00
# Visual Studio Version 17
VisualStudioVersion = 17.0.31903.59
MinimumVisualStudioVersion = 10.0.40219.1
Project("{FAE04EC0-301F-11D3-BF4B-00C04F79EFBC}") = "AlumniManagement.DAL", "AlumniManagement.DAL\AlumniManagement.DAL.csproj", "{52827BD8-AB11-4A90-9C14-9CB25EEEF70C}"
EndProject
Project("{FAE04EC0-301F-11D3-BF4B-00C04F79EFBC}") = "AlumniManagement.BUS", "AlumniManagement.BUS\AlumniManagement.BUS.csproj", "{691CD0CC-AA18-431E-9217-E4EE0A691374}"
EndProject
Project("{FAE04EC0-301F-11D3-BF4B-00C04F79EFBC}") = "AlumniManagement.API", "AlumniManagement.API\AlumniManagement.API.csproj", "{92FEB026-D822-43F3-A686-BCF59D949195}"
EndProject
Global
	GlobalSection(SolutionConfigurationPlatforms) = preSolution
		Debug|Any CPU = Debug|Any CPU
		Release|Any CPU = Release|Any CPU
	EndGlobalSection
	GlobalSection(SolutionProperties) = preSolution
		HideSolutionNode = FALSE
	EndGlobalSection
	GlobalSection(ProjectConfigurationPlatforms) = postSolution
		{52827BD8-AB11-4A90-9C14-9CB25EEEF70C}.Debug|Any CPU.ActiveCfg = Debug|Any CPU
		{52827BD8-AB11-4A90-9C14-9CB25EEEF70C}.Debug|Any CPU.Build.0 = Debug|Any CPU
		{52827BD8-AB11-4A90-9C14-9CB25EEEF70C}.Release|Any CPU.ActiveCfg = Release|Any CPU
		{52827BD8-AB11-4A90-9C14-9CB25EEEF70C}.Release|Any CPU.Build.0 = Release|Any CPU
		{691CD0CC-AA18-431E-9217-E4EE0A691374}.Debug|Any CPU.ActiveCfg = Debug|Any CPU
		{691CD0CC-AA18-431E-9217-E4EE0A691374}.Debug|Any CPU.Build.0 = Debug|Any CPU
		{691CD0CC-AA18-431E-9217-E4EE0A691374}.Release|Any CPU.ActiveCfg = Release|Any CPU
		{691CD0CC-AA18-431E-9217-E4EE0A691374}.Release|Any CPU.Build.0 = Release|Any CPU
		{92FEB026-D822-43F3-A686-BCF59D949195}.Debug|Any CPU.ActiveCfg = Debug|Any CPU
		{92FEB026-D822-43F3-A686-BCF59D949195}.Debug|Any CPU.Build.0 = Debug|Any CPU
		{92FEB026-D822-43F3-A686-BCF59D949195}.Release|Any CPU.ActiveCfg = Release|Any CPU
		{92FEB026-D822-43F3-A686-BCF59D949195}.Release|Any CPU.Build.0 = Release|Any CPU
	EndGlobalSection
EndGlobal
